
Microsoft Visual Studio Solution File, Format Version 12.00
# Visual Studio Version 17
VisualStudioVersion = 17.9.34701.34
MinimumVisualStudioVersion = 10.0.40219.1
Project("{FAE04EC0-301F-11D3-BF4B-00C04F79EFBC}") = "WebApplication1", "WebApplication1\WebApplication1.csproj", "{AC14E3CE-8C60-4E90-9C91-372EA3005EDA}"
EndProject
Global
	GlobalSection(SolutionConfigurationPlatforms) = preSolution
		Debug|Any CPU = Debug|Any CPU
		Release|Any CPU = Release|Any CPU
	EndGlobalSection
	GlobalSection(ProjectConfigurationPlatforms) = postSolution
		{AC14E3CE-8C60-4E90-9C91-372EA3005EDA}.Debug|Any CPU.ActiveCfg = Debug|Any CPU
		{AC14E3CE-8C60-4E90-9C91-372EA3005EDA}.Debug|Any CPU.Build.0 = Debug|Any CPU
		{AC14E3CE-8C60-4E90-9C91-372EA3005EDA}.Release|Any CPU.ActiveCfg = Release|Any CPU
		{AC14E3CE-8C60-4E90-9C91-372EA3005EDA}.Release|Any CPU.Build.0 = Release|Any CPU
	EndGlobalSection
	GlobalSection(SolutionProperties) = preSolution
		HideSolutionNode = FALSE
	EndGlobalSection
	GlobalSection(ExtensibilityGlobals) = postSolution
		SolutionGuid = {5A40C662-3575-4D4F-A272-908F5D0309C7}
	EndGlobalSection
EndGlobal
